
Microsoft Visual Studio Solution File, Format Version 12.00
# Visual Studio 15
VisualStudioVersion = 15.0.27130.0
MinimumVisualStudioVersion = 10.0.40219.1
Project("{E24C65DC-7377-472B-9ABA-BC803B73C61A}") = "Nsarg2018(1)", ".", "{BF154047-A764-447E-8339-63F43A714B5E}"
	ProjectSection(WebsiteProperties) = preProject
		TargetFrameworkMoniker = ".NETFramework,Version%3Dv4.6.1"
		Debug.AspNetCompiler.VirtualPath = "/localhost_56831"
		Debug.AspNetCompiler.PhysicalPath = "..\..\..\Dropbox\NsargWeb 2018\Nsarg2018\"
		Debug.AspNetCompiler.TargetPath = "PrecompiledWeb\localhost_56831\"
		Debug.AspNetCompiler.Updateable = "true"
		Debug.AspNetCompiler.ForceOverwrite = "true"
		Debug.AspNetCompiler.FixedNames = "false"
		Debug.AspNetCompiler.Debug = "True"
		Release.AspNetCompiler.VirtualPath = "/localhost_56831"
		Release.AspNetCompiler.PhysicalPath = "..\..\..\Dropbox\NsargWeb 2018\Nsarg2018\"
		Release.AspNetCompiler.TargetPath = "PrecompiledWeb\localhost_56831\"
		Release.AspNetCompiler.Updateable = "true"
		Release.AspNetCompiler.ForceOverwrite = "true"
		Release.AspNetCompiler.FixedNames = "false"
		Release.AspNetCompiler.Debug = "False"
		VWDPort = "56831"
	EndProjectSection
EndProject
Global
	GlobalSection(SolutionConfigurationPlatforms) = preSolution
		Debug|Any CPU = Debug|Any CPU
	EndGlobalSection
	GlobalSection(ProjectConfigurationPlatforms) = postSolution
		{BF154047-A764-447E-8339-63F43A714B5E}.Debug|Any CPU.ActiveCfg = Debug|Any CPU
		{BF154047-A764-447E-8339-63F43A714B5E}.Debug|Any CPU.Build.0 = Debug|Any CPU
	EndGlobalSection
	GlobalSection(SolutionProperties) = preSolution
		HideSolutionNode = FALSE
	EndGlobalSection
	GlobalSection(ExtensibilityGlobals) = postSolution
		SolutionGuid = {41B6C815-0521-42BC-B2E3-9768E0457C69}
	EndGlobalSection
EndGlobal
